
Microsoft Visual Studio Solution File, Format Version 12.00
# Visual Studio Version 17
VisualStudioVersion = 17.11.35327.3
MinimumVisualStudioVersion = 10.0.40219.1
Project("{FAE04EC0-301F-11D3-BF4B-00C04F79EFBC}") = "MauiAppHotel_Corrigido", "MauiAppHotel_Corrigido\MauiAppHotel_Corrigido.csproj", "{8774698B-9ADA-4C22-B96A-620373A3672A}"
EndProject
Global
	GlobalSection(SolutionConfigurationPlatforms) = preSolution
		Debug|Any CPU = Debug|Any CPU
		Release|Any CPU = Release|Any CPU
	EndGlobalSection
	GlobalSection(ProjectConfigurationPlatforms) = postSolution
		{8774698B-9ADA-4C22-B96A-620373A3672A}.Debug|Any CPU.ActiveCfg = Debug|Any CPU
		{8774698B-9ADA-4C22-B96A-620373A3672A}.Debug|Any CPU.Build.0 = Debug|Any CPU
		{8774698B-9ADA-4C22-B96A-620373A3672A}.Debug|Any CPU.Deploy.0 = Debug|Any CPU
		{8774698B-9ADA-4C22-B96A-620373A3672A}.Release|Any CPU.ActiveCfg = Release|Any CPU
		{8774698B-9ADA-4C22-B96A-620373A3672A}.Release|Any CPU.Build.0 = Release|Any CPU
		{8774698B-9ADA-4C22-B96A-620373A3672A}.Release|Any CPU.Deploy.0 = Release|Any CPU
	EndGlobalSection
	GlobalSection(SolutionProperties) = preSolution
		HideSolutionNode = FALSE
	EndGlobalSection
	GlobalSection(ExtensibilityGlobals) = postSolution
		SolutionGuid = {D05E349A-4E63-43BE-9150-5DA6E98EC03D}
	EndGlobalSection
EndGlobal
